
Microsoft Visual Studio Solution File, Format Version 12.00
# Visual Studio Version 17
VisualStudioVersion = 17.6.33829.357
MinimumVisualStudioVersion = 10.0.40219.1
Project("{FAE04EC0-301F-11D3-BF4B-00C04F79EFBC}") = "PrimeiroProjeto", "PrimeiroProjeto\PrimeiroProjeto.csproj", "{DBF051EA-E939-41F7-B59B-040191005F03}"
EndProject
Global
	GlobalSection(SolutionConfigurationPlatforms) = preSolution
		Debug|Any CPU = Debug|Any CPU
		Release|Any CPU = Release|Any CPU
	EndGlobalSection
	GlobalSection(ProjectConfigurationPlatforms) = postSolution
		{DBF051EA-E939-41F7-B59B-040191005F03}.Debug|Any CPU.ActiveCfg = Debug|Any CPU
		{DBF051EA-E939-41F7-B59B-040191005F03}.Debug|Any CPU.Build.0 = Debug|Any CPU
		{DBF051EA-E939-41F7-B59B-040191005F03}.Release|Any CPU.ActiveCfg = Release|Any CPU
		{DBF051EA-E939-41F7-B59B-040191005F03}.Release|Any CPU.Build.0 = Release|Any CPU
	EndGlobalSection
	GlobalSection(SolutionProperties) = preSolution
		HideSolutionNode = FALSE
	EndGlobalSection
	GlobalSection(ExtensibilityGlobals) = postSolution
		SolutionGuid = {83F9D9E6-6057-4646-914D-285D92D5DF4D}
	EndGlobalSection
EndGlobal
